
Microsoft Visual Studio Solution File, Format Version 12.00
# Visual Studio Version 17
VisualStudioVersion = 17.0.32002.185
MinimumVisualStudioVersion = 10.0.40219.1
Project("{FAE04EC0-301F-11D3-BF4B-00C04F79EFBC}") = "StudentRewardsStore", "StudentRewardsStore\StudentRewardsStore.csproj", "{FEB8A4CF-1039-4E6B-BBC2-6B26488DC9BE}"
EndProject
Global
	GlobalSection(SolutionConfigurationPlatforms) = preSolution
		Debug|Any CPU = Debug|Any CPU
		Release|Any CPU = Release|Any CPU
	EndGlobalSection
	GlobalSection(ProjectConfigurationPlatforms) = postSolution
		{FEB8A4CF-1039-4E6B-BBC2-6B26488DC9BE}.Debug|Any CPU.ActiveCfg = Debug|Any CPU
		{FEB8A4CF-1039-4E6B-BBC2-6B26488DC9BE}.Debug|Any CPU.Build.0 = Debug|Any CPU
		{FEB8A4CF-1039-4E6B-BBC2-6B26488DC9BE}.Release|Any CPU.ActiveCfg = Release|Any CPU
		{FEB8A4CF-1039-4E6B-BBC2-6B26488DC9BE}.Release|Any CPU.Build.0 = Release|Any CPU
	EndGlobalSection
	GlobalSection(SolutionProperties) = preSolution
		HideSolutionNode = FALSE
	EndGlobalSection
	GlobalSection(ExtensibilityGlobals) = postSolution
		SolutionGuid = {6558CFEA-2CB3-480F-A0E3-5E78A6B23B00}
	EndGlobalSection
EndGlobal
